// !$*UTF8*$!
{
	archiveVersion = 1;
	classes = {
	};
	objectVersion = 55;
	objects = {

/* Begin PBXBuildFile section */
		50A0AAB10BCB38D71700F023 /* Pods_Onban.framework in Frameworks */ = {isa = PBXBuildFile; fileRef = D85E416613F0E894857D167D /* Pods_Onban.framework */; };
		D476589A27AB8E890058604B /* AppDelegate.swift in Sources */ = {isa = PBXBuildFile; fileRef = D476589927AB8E890058604B /* AppDelegate.swift */; };
		D476589C27AB8E890058604B /* SceneDelegate.swift in Sources */ = {isa = PBXBuildFile; fileRef = D476589B27AB8E890058604B /* SceneDelegate.swift */; };
		D476589E27AB8E890058604B /* FoodListViewController.swift in Sources */ = {isa = PBXBuildFile; fileRef = D476589D27AB8E890058604B /* FoodListViewController.swift */; };
		D47658A327AB8E8B0058604B /* Assets.xcassets in Resources */ = {isa = PBXBuildFile; fileRef = D47658A227AB8E8B0058604B /* Assets.xcassets */; };
		D47658A627AB8E8B0058604B /* LaunchScreen.storyboard in Resources */ = {isa = PBXBuildFile; fileRef = D47658A427AB8E8B0058604B /* LaunchScreen.storyboard */; };
		D47658AE27AB97970058604B /* FoodCell.swift in Sources */ = {isa = PBXBuildFile; fileRef = D47658AD27AB97970058604B /* FoodCell.swift */; };
		D47658B227ABA9440058604B /* FoodHeaderView.swift in Sources */ = {isa = PBXBuildFile; fileRef = D47658B127ABA9440058604B /* FoodHeaderView.swift */; };
		D47658B427ABD7440058604B /* Food.swift in Sources */ = {isa = PBXBuildFile; fileRef = D47658B327ABD7440058604B /* Food.swift */; };
		D47658B627AC9D200058604B /* JSONParser.swift in Sources */ = {isa = PBXBuildFile; fileRef = D47658B527AC9D200058604B /* JSONParser.swift */; };
/* End PBXBuildFile section */

/* Begin PBXFileReference section */
		657A489C65EFF028B3DBCE70 /* Pods-Onban.release.xcconfig */ = {isa = PBXFileReference; includeInIndex = 1; lastKnownFileType = text.xcconfig; name = "Pods-Onban.release.xcconfig"; path = "Target Support Files/Pods-Onban/Pods-Onban.release.xcconfig"; sourceTree = "<group>"; };
		D476589627AB8E890058604B /* Onban.app */ = {isa = PBXFileReference; explicitFileType = wrapper.application; includeInIndex = 0; path = Onban.app; sourceTree = BUILT_PRODUCTS_DIR; };
		D476589927AB8E890058604B /* AppDelegate.swift */ = {isa = PBXFileReference; lastKnownFileType = sourcecode.swift; path = AppDelegate.swift; sourceTree = "<group>"; };
		D476589B27AB8E890058604B /* SceneDelegate.swift */ = {isa = PBXFileReference; lastKnownFileType = sourcecode.swift; path = SceneDelegate.swift; sourceTree = "<group>"; };
		D476589D27AB8E890058604B /* FoodListViewController.swift */ = {isa = PBXFileReference; lastKnownFileType = sourcecode.swift; path = FoodListViewController.swift; sourceTree = "<group>"; };
		D47658A227AB8E8B0058604B /* Assets.xcassets */ = {isa = PBXFileReference; lastKnownFileType = folder.assetcatalog; path = Assets.xcassets; sourceTree = "<group>"; };
		D47658A527AB8E8B0058604B /* Base */ = {isa = PBXFileReference; lastKnownFileType = file.storyboard; name = Base; path = Base.lproj/LaunchScreen.storyboard; sourceTree = "<group>"; };
		D47658A727AB8E8B0058604B /* Info.plist */ = {isa = PBXFileReference; lastKnownFileType = text.plist.xml; path = Info.plist; sourceTree = "<group>"; };
		D47658AD27AB97970058604B /* FoodCell.swift */ = {isa = PBXFileReference; lastKnownFileType = sourcecode.swift; path = FoodCell.swift; sourceTree = "<group>"; };
		D47658B127ABA9440058604B /* FoodHeaderView.swift */ = {isa = PBXFileReference; lastKnownFileType = sourcecode.swift; path = FoodHeaderView.swift; sourceTree = "<group>"; };
		D47658B327ABD7440058604B /* Food.swift */ = {isa = PBXFileReference; lastKnownFileType = sourcecode.swift; path = Food.swift; sourceTree = "<group>"; };
		D47658B527AC9D200058604B /* JSONParser.swift */ = {isa = PBXFileReference; lastKnownFileType = sourcecode.swift; path = JSONParser.swift; sourceTree = "<group>"; };
		D85E416613F0E894857D167D /* Pods_Onban.framework */ = {isa = PBXFileReference; explicitFileType = wrapper.framework; includeInIndex = 0; path = Pods_Onban.framework; sourceTree = BUILT_PRODUCTS_DIR; };
		FC37240A813125EA669CD715 /* Pods-Onban.debug.xcconfig */ = {isa = PBXFileReference; includeInIndex = 1; lastKnownFileType = text.xcconfig; name = "Pods-Onban.debug.xcconfig"; path = "Target Support Files/Pods-Onban/Pods-Onban.debug.xcconfig"; sourceTree = "<group>"; };
/* End PBXFileReference section */

/* Begin PBXFrameworksBuildPhase section */
		D476589327AB8E890058604B /* Frameworks */ = {
			isa = PBXFrameworksBuildPhase;
			buildActionMask = 2147483647;
			files = (
				50A0AAB10BCB38D71700F023 /* Pods_Onban.framework in Frameworks */,
			);
			runOnlyForDeploymentPostprocessing = 0;
		};
/* End PBXFrameworksBuildPhase section */

/* Begin PBXGroup section */
		92F5D9C575019BB15918708A /* Frameworks */ = {
			isa = PBXGroup;
			children = (
				D85E416613F0E894857D167D /* Pods_Onban.framework */,
			);
			name = Frameworks;
			sourceTree = "<group>";
		};
		CEC4D91F2D9461160155732C /* Pods */ = {
			isa = PBXGroup;
			children = (
				FC37240A813125EA669CD715 /* Pods-Onban.debug.xcconfig */,
				657A489C65EFF028B3DBCE70 /* Pods-Onban.release.xcconfig */,
			);
			path = Pods;
			sourceTree = "<group>";
		};
		D476588D27AB8E890058604B = {
			isa = PBXGroup;
			children = (
				D476589827AB8E890058604B /* Onban */,
				D476589727AB8E890058604B /* Products */,
				CEC4D91F2D9461160155732C /* Pods */,
				92F5D9C575019BB15918708A /* Frameworks */,
			);
			sourceTree = "<group>";
		};
		D476589727AB8E890058604B /* Products */ = {
			isa = PBXGroup;
			children = (
				D476589627AB8E890058604B /* Onban.app */,
			);
			name = Products;
			sourceTree = "<group>";
		};
		D476589827AB8E890058604B /* Onban */ = {
			isa = PBXGroup;
			children = (
				D476589927AB8E890058604B /* AppDelegate.swift */,
				D476589B27AB8E890058604B /* SceneDelegate.swift */,
				D47658BA27AC9F620058604B /* CustomCells */,
				D47658B827AC9F270058604B /* Models */,
				D47658B727AC9F1B0058604B /* Services */,
				D47658B927AC9F3D0058604B /* Controllers */,
				D47658A227AB8E8B0058604B /* Assets.xcassets */,
				D47658A427AB8E8B0058604B /* LaunchScreen.storyboard */,
				D47658A727AB8E8B0058604B /* Info.plist */,
			);
			path = Onban;
			sourceTree = "<group>";
		};
		D47658B727AC9F1B0058604B /* Services */ = {
			isa = PBXGroup;
			children = (
				D47658B527AC9D200058604B /* JSONParser.swift */,
			);
			path = Services;
			sourceTree = "<group>";
		};
		D47658B827AC9F270058604B /* Models */ = {
			isa = PBXGroup;
			children = (
				D47658B327ABD7440058604B /* Food.swift */,
			);
			path = Models;
			sourceTree = "<group>";
		};
		D47658B927AC9F3D0058604B /* Controllers */ = {
			isa = PBXGroup;
			children = (
				D476589D27AB8E890058604B /* FoodListViewController.swift */,
			);
			path = Controllers;
			sourceTree = "<group>";
		};
		D47658BA27AC9F620058604B /* CustomCells */ = {
			isa = PBXGroup;
			children = (
				D47658B127ABA9440058604B /* FoodHeaderView.swift */,
				D47658AD27AB97970058604B /* FoodCell.swift */,
			);
			path = CustomCells;
			sourceTree = "<group>";
		};
/* End PBXGroup section */

/* Begin PBXNativeTarget section */
		D476589527AB8E890058604B /* Onban */ = {
			isa = PBXNativeTarget;
			buildConfigurationList = D47658AA27AB8E8B0058604B /* Build configuration list for PBXNativeTarget "Onban" */;
			buildPhases = (
				6A7A8721B01C750DC9A89EAC /* [CP] Check Pods Manifest.lock */,
				D476589227AB8E890058604B /* Sources */,
				D476589327AB8E890058604B /* Frameworks */,
				D476589427AB8E890058604B /* Resources */,
				058BE1103B49B741B76B2893 /* [CP] Embed Pods Frameworks */,
			);
			buildRules = (
			);
			dependencies = (
			);
			name = Onban;
			productName = Onban;
			productReference = D476589627AB8E890058604B /* Onban.app */;
			productType = "com.apple.product-type.application";
		};
/* End PBXNativeTarget section */

/* Begin PBXProject section */
		D476588E27AB8E890058604B /* Project object */ = {
			isa = PBXProject;
			attributes = {
				BuildIndependentTargetsInParallel = 1;
				LastSwiftUpdateCheck = 1310;
				LastUpgradeCheck = 1310;
				TargetAttributes = {
					D476589527AB8E890058604B = {
						CreatedOnToolsVersion = 13.1;
					};
				};
			};
			buildConfigurationList = D476589127AB8E890058604B /* Build configuration list for PBXProject "Onban" */;
			compatibilityVersion = "Xcode 13.0";
			developmentRegion = en;
			hasScannedForEncodings = 0;
			knownRegions = (
				en,
				Base,
			);
			mainGroup = D476588D27AB8E890058604B;
			productRefGroup = D476589727AB8E890058604B /* Products */;
			projectDirPath = "";
			projectRoot = "";
			targets = (
				D476589527AB8E890058604B /* Onban */,
			);
		};
/* End PBXProject section */

/* Begin PBXResourcesBuildPhase section */
		D476589427AB8E890058604B /* Resources */ = {
			isa = PBXResourcesBuildPhase;
			buildActionMask = 2147483647;
			files = (
				D47658A627AB8E8B0058604B /* LaunchScreen.storyboard in Resources */,
				D47658A327AB8E8B0058604B /* Assets.xcassets in Resources */,
			);
			runOnlyForDeploymentPostprocessing = 0;
		};
/* End PBXResourcesBuildPhase section */

/* Begin PBXShellScriptBuildPhase section */
		058BE1103B49B741B76B2893 /* [CP] Embed Pods Frameworks */ = {
			isa = PBXShellScriptBuildPhase;
			buildActionMask = 2147483647;
			files = (
			);
			inputFileListPaths = (
				"${PODS_ROOT}/Target Support Files/Pods-Onban/Pods-Onban-frameworks-${CONFIGURATION}-input-files.xcfilelist",
			);
			name = "[CP] Embed Pods Frameworks";
			outputFileListPaths = (
				"${PODS_ROOT}/Target Support Files/Pods-Onban/Pods-Onban-frameworks-${CONFIGURATION}-output-files.xcfilelist",
			);
			runOnlyForDeploymentPostprocessing = 0;
			shellPath = /bin/sh;
			shellScript = "\"${PODS_ROOT}/Target Support Files/Pods-Onban/Pods-Onban-frameworks.sh\"\n";
			showEnvVarsInLog = 0;
		};
		6A7A8721B01C750DC9A89EAC /* [CP] Check Pods Manifest.lock */ = {
			isa = PBXShellScriptBuildPhase;
			buildActionMask = 2147483647;
			files = (
			);
			inputFileListPaths = (
			);
			inputPaths = (
				"${PODS_PODFILE_DIR_PATH}/Podfile.lock",
				"${PODS_ROOT}/Manifest.lock",
			);
			name = "[CP] Check Pods Manifest.lock";
			outputFileListPaths = (
			);
			outputPaths = (
				"$(DERIVED_FILE_DIR)/Pods-Onban-checkManifestLockResult.txt",
			);
			runOnlyForDeploymentPostprocessing = 0;
			shellPath = /bin/sh;
			shellScript = "diff \"${PODS_PODFILE_DIR_PATH}/Podfile.lock\" \"${PODS_ROOT}/Manifest.lock\" > /dev/null\nif [ $? != 0 ] ; then\n    # print error to STDERR\n    echo \"error: The sandbox is not in sync with the Podfile.lock. Run 'pod install' or update your CocoaPods installation.\" >&2\n    exit 1\nfi\n# This output is used by Xcode 'outputs' to avoid re-running this script phase.\necho \"SUCCESS\" > \"${SCRIPT_OUTPUT_FILE_0}\"\n";
			showEnvVarsInLog = 0;
		};
/* End PBXShellScriptBuildPhase section */

/* Begin PBXSourcesBuildPhase section */
		D476589227AB8E890058604B /* Sources */ = {
			isa = PBXSourcesBuildPhase;
			buildActionMask = 2147483647;
			files = (
				D47658B227ABA9440058604B /* FoodHeaderView.swift in Sources */,
				D476589E27AB8E890058604B /* FoodListViewController.swift in Sources */,
				D47658B627AC9D200058604B /* JSONParser.swift in Sources */,
				D476589A27AB8E890058604B /* AppDelegate.swift in Sources */,
				D47658AE27AB97970058604B /* FoodCell.swift in Sources */,
				D47658B427ABD7440058604B /* Food.swift in Sources */,
				D476589C27AB8E890058604B /* SceneDelegate.swift in Sources */,
			);
			runOnlyForDeploymentPostprocessing = 0;
		};
/* End PBXSourcesBuildPhase section */

/* Begin PBXVariantGroup section */
		D47658A427AB8E8B0058604B /* LaunchScreen.storyboard */ = {
			isa = PBXVariantGroup;
			children = (
				D47658A527AB8E8B0058604B /* Base */,
			);
			name = LaunchScreen.storyboard;
			sourceTree = "<group>";
		};
/* End PBXVariantGroup section */

/* Begin XCBuildConfiguration section */
		D47658A827AB8E8B0058604B /* Debug */ = {
			isa = XCBuildConfiguration;
			buildSettings = {
				ALWAYS_SEARCH_USER_PATHS = NO;
				CLANG_ANALYZER_NONNULL = YES;
				CLANG_ANALYZER_NUMBER_OBJECT_CONVERSION = YES_AGGRESSIVE;
				CLANG_CXX_LANGUAGE_STANDARD = "gnu++17";
				CLANG_CXX_LIBRARY = "libc++";
				CLANG_ENABLE_MODULES = YES;
				CLANG_ENABLE_OBJC_ARC = YES;
				CLANG_ENABLE_OBJC_WEAK = YES;
				CLANG_WARN_BLOCK_CAPTURE_AUTORELEASING = YES;
				CLANG_WARN_BOOL_CONVERSION = YES;
				CLANG_WARN_COMMA = YES;
				CLANG_WARN_CONSTANT_CONVERSION = YES;
				CLANG_WARN_DEPRECATED_OBJC_IMPLEMENTATIONS = YES;
				CLANG_WARN_DIRECT_OBJC_ISA_USAGE = YES_ERROR;
				CLANG_WARN_DOCUMENTATION_COMMENTS = YES;
				CLANG_WARN_EMPTY_BODY = YES;
				CLANG_WARN_ENUM_CONVERSION = YES;
				CLANG_WARN_INFINITE_RECURSION = YES;
				CLANG_WARN_INT_CONVERSION = YES;
				CLANG_WARN_NON_LITERAL_NULL_CONVERSION = YES;
				CLANG_WARN_OBJC_IMPLICIT_RETAIN_SELF = YES;
				CLANG_WARN_OBJC_LITERAL_CONVERSION = YES;
				CLANG_WARN_OBJC_ROOT_CLASS = YES_ERROR;
				CLANG_WARN_QUOTED_INCLUDE_IN_FRAMEWORK_HEADER = YES;
				CLANG_WARN_RANGE_LOOP_ANALYSIS = YES;
				CLANG_WARN_STRICT_PROTOTYPES = YES;
				CLANG_WARN_SUSPICIOUS_MOVE = YES;
				CLANG_WARN_UNGUARDED_AVAILABILITY = YES_AGGRESSIVE;
				CLANG_WARN_UNREACHABLE_CODE = YES;
				CLANG_WARN__DUPLICATE_METHOD_MATCH = YES;
				COPY_PHASE_STRIP = NO;
				DEBUG_INFORMATION_FORMAT = dwarf;
				ENABLE_STRICT_OBJC_MSGSEND = YES;
				ENABLE_TESTABILITY = YES;
				GCC_C_LANGUAGE_STANDARD = gnu11;
				GCC_DYNAMIC_NO_PIC = NO;
				GCC_NO_COMMON_BLOCKS = YES;
				GCC_OPTIMIZATION_LEVEL = 0;
				GCC_PREPROCESSOR_DEFINITIONS = (
					"DEBUG=1",
					"$(inherited)",
				);
				GCC_WARN_64_TO_32_BIT_CONVERSION = YES;
				GCC_WARN_ABOUT_RETURN_TYPE = YES_ERROR;
				GCC_WARN_UNDECLARED_SELECTOR = YES;
				GCC_WARN_UNINITIALIZED_AUTOS = YES_AGGRESSIVE;
				GCC_WARN_UNUSED_FUNCTION = YES;
				GCC_WARN_UNUSED_VARIABLE = YES;
				IPHONEOS_DEPLOYMENT_TARGET = 15.0;
				MTL_ENABLE_DEBUG_INFO = INCLUDE_SOURCE;
				MTL_FAST_MATH = YES;
				ONLY_ACTIVE_ARCH = YES;
				SDKROOT = iphoneos;
				SWIFT_ACTIVE_COMPILATION_CONDITIONS = DEBUG;
				SWIFT_OPTIMIZATION_LEVEL = "-Onone";
			};
			name = Debug;
		};
		D47658A927AB8E8B0058604B /* Release */ = {
			isa = XCBuildConfiguration;
			buildSettings = {
				ALWAYS_SEARCH_USER_PATHS = NO;
				CLANG_ANALYZER_NONNULL = YES;
				CLANG_ANALYZER_NUMBER_OBJECT_CONVERSION = YES_AGGRESSIVE;
				CLANG_CXX_LANGUAGE_STANDARD = "gnu++17";
				CLANG_CXX_LIBRARY = "libc++";
				CLANG_ENABLE_MODULES = YES;
				CLANG_ENABLE_OBJC_ARC = YES;
				CLANG_ENABLE_OBJC_WEAK = YES;
				CLANG_WARN_BLOCK_CAPTURE_AUTORELEASING = YES;
				CLANG_WARN_BOOL_CONVERSION = YES;
				CLANG_WARN_COMMA = YES;
				CLANG_WARN_CONSTANT_CONVERSION = YES;
				CLANG_WARN_DEPRECATED_OBJC_IMPLEMENTATIONS = YES;
				CLANG_WARN_DIRECT_OBJC_ISA_USAGE = YES_ERROR;
				CLANG_WARN_DOCUMENTATION_COMMENTS = YES;
				CLANG_WARN_EMPTY_BODY = YES;
				CLANG_WARN_ENUM_CONVERSION = YES;
				CLANG_WARN_INFINITE_RECURSION = YES;
				CLANG_WARN_INT_CONVERSION = YES;
				CLANG_WARN_NON_LITERAL_NULL_CONVERSION = YES;
				CLANG_WARN_OBJC_IMPLICIT_RETAIN_SELF = YES;
				CLANG_WARN_OBJC_LITERAL_CONVERSION = YES;
				CLANG_WARN_OBJC_ROOT_CLASS = YES_ERROR;
				CLANG_WARN_QUOTED_INCLUDE_IN_FRAMEWORK_HEADER = YES;
				CLANG_WARN_RANGE_LOOP_ANALYSIS = YES;
				CLANG_WARN_STRICT_PROTOTYPES = YES;
				CLANG_WARN_SUSPICIOUS_MOVE = YES;
				CLANG_WARN_UNGUARDED_AVAILABILITY = YES_AGGRESSIVE;
				CLANG_WARN_UNREACHABLE_CODE = YES;
				CLANG_WARN__DUPLICATE_METHOD_MATCH = YES;
				COPY_PHASE_STRIP = NO;
				DEBUG_INFORMATION_FORMAT = "dwarf-with-dsym";
				ENABLE_NS_ASSERTIONS = NO;
				ENABLE_STRICT_OBJC_MSGSEND = YES;
				GCC_C_LANGUAGE_STANDARD = gnu11;
				GCC_NO_COMMON_BLOCKS = YES;
				GCC_WARN_64_TO_32_BIT_CONVERSION = YES;
				GCC_WARN_ABOUT_RETURN_TYPE = YES_ERROR;
				GCC_WARN_UNDECLARED_SELECTOR = YES;
				GCC_WARN_UNINITIALIZED_AUTOS = YES_AGGRESSIVE;
				GCC_WARN_UNUSED_FUNCTION = YES;
				GCC_WARN_UNUSED_VARIABLE = YES;
				IPHONEOS_DEPLOYMENT_TARGET = 15.0;
				MTL_ENABLE_DEBUG_INFO = NO;
				MTL_FAST_MATH = YES;
				SDKROOT = iphoneos;
				SWIFT_COMPILATION_MODE = wholemodule;
				SWIFT_OPTIMIZATION_LEVEL = "-O";
				VALIDATE_PRODUCT = YES;
			};
			name = Release;
		};
		D47658AB27AB8E8B0058604B /* Debug */ = {
			isa = XCBuildConfiguration;
			baseConfigurationReference = FC37240A813125EA669CD715 /* Pods-Onban.debug.xcconfig */;
			buildSettings = {
				ASSETCATALOG_COMPILER_APPICON_NAME = AppIcon;
				ASSETCATALOG_COMPILER_GLOBAL_ACCENT_COLOR_NAME = AccentColor;
				CODE_SIGN_STYLE = Automatic;
				CURRENT_PROJECT_VERSION = 1;
				GENERATE_INFOPLIST_FILE = YES;
				INFOPLIST_FILE = Onban/Info.plist;
				INFOPLIST_KEY_UIApplicationSupportsIndirectInputEvents = YES;
				INFOPLIST_KEY_UILaunchStoryboardName = LaunchScreen;
				INFOPLIST_KEY_UISupportedInterfaceOrientations_iPad = "UIInterfaceOrientationPortrait UIInterfaceOrientationPortraitUpsideDown UIInterfaceOrientationLandscapeLeft UIInterfaceOrientationLandscapeRight";
				INFOPLIST_KEY_UISupportedInterfaceOrientations_iPhone = "UIInterfaceOrientationPortrait UIInterfaceOrientationLandscapeLeft UIInterfaceOrientationLandscapeRight";
				LD_RUNPATH_SEARCH_PATHS = (
					"$(inherited)",
					"@executable_path/Frameworks",
				);
				MARKETING_VERSION = 1.0;
				PRODUCT_BUNDLE_IDENTIFIER = com.kakaoent.Onban;
				PRODUCT_NAME = "$(TARGET_NAME)";
				SWIFT_EMIT_LOC_STRINGS = YES;
				SWIFT_VERSION = 5.0;
				TARGETED_DEVICE_FAMILY = "1,2";
			};
			name = Debug;
		};
		D47658AC27AB8E8B0058604B /* Release */ = {
			isa = XCBuildConfiguration;
			baseConfigurationReference = 657A489C65EFF028B3DBCE70 /* Pods-Onban.release.xcconfig */;
			buildSettings = {
				ASSETCATALOG_COMPILER_APPICON_NAME = AppIcon;
				ASSETCATALOG_COMPILER_GLOBAL_ACCENT_COLOR_NAME = AccentColor;
				CODE_SIGN_STYLE = Automatic;
				CURRENT_PROJECT_VERSION = 1;
				GENERATE_INFOPLIST_FILE = YES;
				INFOPLIST_FILE = Onban/Info.plist;
				INFOPLIST_KEY_UIApplicationSupportsIndirectInputEvents = YES;
				INFOPLIST_KEY_UILaunchStoryboardName = LaunchScreen;
				INFOPLIST_KEY_UISupportedInterfaceOrientations_iPad = "UIInterfaceOrientationPortrait UIInterfaceOrientationPortraitUpsideDown UIInterfaceOrientationLandscapeLeft UIInterfaceOrientationLandscapeRight";
				INFOPLIST_KEY_UISupportedInterfaceOrientations_iPhone = "UIInterfaceOrientationPortrait UIInterfaceOrientationLandscapeLeft UIInterfaceOrientationLandscapeRight";
				LD_RUNPATH_SEARCH_PATHS = (
					"$(inherited)",
					"@executable_path/Frameworks",
				);
				MARKETING_VERSION = 1.0;
				PRODUCT_BUNDLE_IDENTIFIER = com.kakaoent.Onban;
				PRODUCT_NAME = "$(TARGET_NAME)";
				SWIFT_EMIT_LOC_STRINGS = YES;
				SWIFT_VERSION = 5.0;
				TARGETED_DEVICE_FAMILY = "1,2";
			};
			name = Release;
		};
/* End XCBuildConfiguration section */

/* Begin XCConfigurationList section */
		D476589127AB8E890058604B /* Build configuration list for PBXProject "Onban" */ = {
			isa = XCConfigurationList;
			buildConfigurations = (
				D47658A827AB8E8B0058604B /* Debug */,
				D47658A927AB8E8B0058604B /* Release */,
			);
			defaultConfigurationIsVisible = 0;
			defaultConfigurationName = Release;
		};
		D47658AA27AB8E8B0058604B /* Build configuration list for PBXNativeTarget "Onban" */ = {
			isa = XCConfigurationList;
			buildConfigurations = (
				D47658AB27AB8E8B0058604B /* Debug */,
				D47658AC27AB8E8B0058604B /* Release */,
			);
			defaultConfigurationIsVisible = 0;
			defaultConfigurationName = Release;
		};
/* End XCConfigurationList section */
	};
	rootObject = D476588E27AB8E890058604B /* Project object */;
}
